<?xml version="1.0" encoding="utf-8"?>
<Project ToolsVersion="4.0" xmlns="http://schemas.microsoft.com/developer/msbuild/2003">
  <ItemGroup>
    <ClCompile Include="FondMobile.cpp">
      <Filter>Sources</Filter>
    </ClCompile>
    <ClCompile Include="Game.cpp">
      <Filter>Sources</Filter>
    </ClCompile>
    <ClCompile Include="Main.cpp">
      <Filter>Sources</Filter>
    </ClCompile>
    <ClCompile Include="SceneCombat.cpp">
      <Filter>Sources</Filter>
    </ClCompile>
    <ClCompile Include="SceneTitre.cpp">
      <Filter>Sources</Filter>
    </ClCompile>
    <ClCompile Include="Testeur.cpp">
      <Filter>Sources</Filter>
    </ClCompile>
    <ClCompile Include="Vaisseau.cpp">
      <Filter>Sources</Filter>
    </ClCompile>
    <ClCompile Include="Enemy1.cpp">
      <Filter>Sources</Filter>
    </ClCompile>
    <ClCompile Include="Boss.cpp">
      <Filter>Sources</Filter>
    </ClCompile>
    <ClCompile Include="Enemy2.cpp">
      <Filter>Sources</Filter>
    </ClCompile>
    <ClCompile Include="Enemy3.cpp">
      <Filter>Sources</Filter>
    </ClCompile>
    <ClCompile Include="Enemy.cpp">
      <Filter>Sources</Filter>
    </ClCompile>
    <ClCompile Include="Sujet.cpp">
      <Filter>Sources</Filter>
    </ClCompile>
    <ClCompile Include="Projectile_normal.cpp">
      <Filter>Sources</Filter>
    </ClCompile>
    <ClCompile Include="Projectile.cpp">
      <Filter>Sources</Filter>
    </ClCompile>
    <ClCompile Include="Projectile_Enemy.cpp">
      <Filter>Sources</Filter>
    </ClCompile>
    <ClCompile Include="Shield.cpp">
      <Filter>Sources</Filter>
    </ClCompile>
    <ClCompile Include="Bonus.cpp">
      <Filter>Sources\Bonus</Filter>
    </ClCompile>
    <ClCompile Include="BonusShield.cpp">
      <Filter>Sources\Bonus</Filter>
    </ClCompile>
    <ClCompile Include="Bombe.cpp">
      <Filter>Sources\Bonus</Filter>
    </ClCompile>
    <ClCompile Include="Portail.cpp" />
    <ClCompile Include="BombeElectro.cpp">
      <Filter>Sources\Bonus</Filter>
    </ClCompile>
    <ClCompile Include="Enemy4.cpp">
      <Filter>Sources</Filter>
    </ClCompile>
    <ClCompile Include="BonusScatter.cpp" />
    <ClCompile Include="Projectile_Missile.cpp" />
    <ClCompile Include="Projectile_Beam.cpp" />
    <ClCompile Include="BonusLaserBeam.cpp" />
  </ItemGroup>
  <ItemGroup>
    <ClInclude Include="FondMobile.h">
      <Filter>Entetes</Filter>
    </ClInclude>
    <ClInclude Include="Game.h">
      <Filter>Entetes</Filter>
    </ClInclude>
    <ClInclude Include="Scene.h">
      <Filter>Entetes</Filter>
    </ClInclude>
    <ClInclude Include="SceneCombat.h">
      <Filter>Entetes</Filter>
    </ClInclude>
    <ClInclude Include="SceneTitre.h">
      <Filter>Entetes</Filter>
    </ClInclude>
    <ClInclude Include="Testeur.h">
      <Filter>Entetes</Filter>
    </ClInclude>
    <ClInclude Include="Vaisseau.h">
      <Filter>Entetes</Filter>
    </ClInclude>
    <ClInclude Include="VaisseauLogique.h">
      <Filter>Entetes</Filter>
    </ClInclude>
    <ClInclude Include="Enemy1.h">
      <Filter>Entetes</Filter>
    </ClInclude>
    <ClInclude Include="Boss.h">
      <Filter>Entetes</Filter>
    </ClInclude>
    <ClInclude Include="Enemy2.h">
      <Filter>Entetes</Filter>
    </ClInclude>
    <ClInclude Include="Enemy3.h">
      <Filter>Entetes</Filter>
    </ClInclude>
    <ClInclude Include="Enemy.h">
      <Filter>Entetes</Filter>
    </ClInclude>
    <ClInclude Include="IObservateur.h">
      <Filter>Entetes</Filter>
    </ClInclude>
    <ClInclude Include="Sujet.h">
      <Filter>Entetes</Filter>
    </ClInclude>
    <ClInclude Include="Projectile.h">
      <Filter>Entetes</Filter>
    </ClInclude>
    <ClInclude Include="Projectile_normal.h">
      <Filter>Entetes</Filter>
    </ClInclude>
    <ClInclude Include="Projectile_Enemy.h">
      <Filter>Entetes</Filter>
    </ClInclude>
    <ClInclude Include="Shield.h">
      <Filter>Entetes</Filter>
    </ClInclude>
    <ClInclude Include="Bonus.h">
      <Filter>Entetes\Bonus</Filter>
    </ClInclude>
    <ClInclude Include="BonusShield.h">
      <Filter>Entetes\Bonus</Filter>
    </ClInclude>
    <ClInclude Include="Bombe.h">
      <Filter>Entetes\Bonus</Filter>
    </ClInclude>
    <ClInclude Include="FabriqueEnemy.h" />
    <ClInclude Include="FabriqueEnemy1.h" />
    <ClInclude Include="Portail.h" />
    <ClInclude Include="BombeElectro.h">
      <Filter>Entetes\Bonus</Filter>
    </ClInclude>
    <ClInclude Include="File.h">
      <Filter>Entetes\Structures</Filter>
    </ClInclude>
    <ClInclude Include="Pile.h">
      <Filter>Entetes\Structures</Filter>
    </ClInclude>
    <ClInclude Include="Enemy4.h">
      <Filter>Entetes</Filter>
    </ClInclude>
    <ClInclude Include="Weapon.h">
      <Filter>Entetes</Filter>
    </ClInclude>
    <ClInclude Include="BonusScatter.h" />
    <ClInclude Include="Projectile_Missile.h" />
    <ClInclude Include="Projectile_Beam.h" />
    <ClInclude Include="BonusLaserBeam.h" />
  </ItemGroup>
  <ItemGroup>
    <Filter Include="Sources">
      <UniqueIdentifier>{827b927a-cd0c-485a-bd2b-5215dde034b0}</UniqueIdentifier>
    </Filter>
    <Filter Include="Entetes">
      <UniqueIdentifier>{f7abfbf9-5134-4c77-8415-f0484796c055}</UniqueIdentifier>
    </Filter>
    <Filter Include="Entetes\Bonus">
      <UniqueIdentifier>{9b722798-eac9-4d5b-ad41-a535f54fa804}</UniqueIdentifier>
    </Filter>
    <Filter Include="Sources\Bonus">
      <UniqueIdentifier>{b055a983-8e0c-4b8e-92bc-b82d111505da}</UniqueIdentifier>
    </Filter>
    <Filter Include="Entetes\Structures">
      <UniqueIdentifier>{4f20153d-4d1d-4824-bc7c-eca07a2d9283}</UniqueIdentifier>
    </Filter>
  </ItemGroup>
</Project>